
Microsoft Visual Studio Solution File, Format Version 12.00
# Visual Studio Version 17
VisualStudioVersion = 17.1.32414.318
MinimumVisualStudioVersion = 10.0.40219.1
Project("{FAE04EC0-301F-11D3-BF4B-00C04F79EFBC}") = "CleanArchitecture.Api", "CleanArchitecture.Api\CleanArchitecture.Api.csproj", "{111E7255-5B3E-4E83-AC48-1C0DDED35295}"
EndProject
Project("{FAE04EC0-301F-11D3-BF4B-00C04F79EFBC}") = "CleanArchitecture.Core", "CleanArchitecture.Core\CleanArchitecture.Core.csproj", "{8BA7D8BD-A0C4-4DF6-A697-9C024EE4CFBE}"
EndProject
Project("{FAE04EC0-301F-11D3-BF4B-00C04F79EFBC}") = "CleanArchitecture.Service", "CleanArchitecture.Service\CleanArchitecture.Service.csproj", "{21853FE4-860A-4DD8-BA12-DCBAD6F2DB3B}"
EndProject
Project("{FAE04EC0-301F-11D3-BF4B-00C04F79EFBC}") = "CleanArchitecture.Repository", "CleanArchitecture.Repository\CleanArchitecture.Repository.csproj", "{775C2CC5-942E-480C-84C1-DE8527728CAA}"
EndProject
Global
	GlobalSection(SolutionConfigurationPlatforms) = preSolution
		Debug|Any CPU = Debug|Any CPU
		Release|Any CPU = Release|Any CPU
	EndGlobalSection
	GlobalSection(ProjectConfigurationPlatforms) = postSolution
		{111E7255-5B3E-4E83-AC48-1C0DDED35295}.Debug|Any CPU.ActiveCfg = Debug|Any CPU
		{111E7255-5B3E-4E83-AC48-1C0DDED35295}.Debug|Any CPU.Build.0 = Debug|Any CPU
		{111E7255-5B3E-4E83-AC48-1C0DDED35295}.Release|Any CPU.ActiveCfg = Release|Any CPU
		{111E7255-5B3E-4E83-AC48-1C0DDED35295}.Release|Any CPU.Build.0 = Release|Any CPU
		{8BA7D8BD-A0C4-4DF6-A697-9C024EE4CFBE}.Debug|Any CPU.ActiveCfg = Debug|Any CPU
		{8BA7D8BD-A0C4-4DF6-A697-9C024EE4CFBE}.Debug|Any CPU.Build.0 = Debug|Any CPU
		{8BA7D8BD-A0C4-4DF6-A697-9C024EE4CFBE}.Release|Any CPU.ActiveCfg = Release|Any CPU
		{8BA7D8BD-A0C4-4DF6-A697-9C024EE4CFBE}.Release|Any CPU.Build.0 = Release|Any CPU
		{21853FE4-860A-4DD8-BA12-DCBAD6F2DB3B}.Debug|Any CPU.ActiveCfg = Debug|Any CPU
		{21853FE4-860A-4DD8-BA12-DCBAD6F2DB3B}.Debug|Any CPU.Build.0 = Debug|Any CPU
		{21853FE4-860A-4DD8-BA12-DCBAD6F2DB3B}.Release|Any CPU.ActiveCfg = Release|Any CPU
		{21853FE4-860A-4DD8-BA12-DCBAD6F2DB3B}.Release|Any CPU.Build.0 = Release|Any CPU
		{775C2CC5-942E-480C-84C1-DE8527728CAA}.Debug|Any CPU.ActiveCfg = Debug|Any CPU
		{775C2CC5-942E-480C-84C1-DE8527728CAA}.Debug|Any CPU.Build.0 = Debug|Any CPU
		{775C2CC5-942E-480C-84C1-DE8527728CAA}.Release|Any CPU.ActiveCfg = Release|Any CPU
		{775C2CC5-942E-480C-84C1-DE8527728CAA}.Release|Any CPU.Build.0 = Release|Any CPU
	EndGlobalSection
	GlobalSection(SolutionProperties) = preSolution
		HideSolutionNode = FALSE
	EndGlobalSection
	GlobalSection(ExtensibilityGlobals) = postSolution
		SolutionGuid = {3DC57E8C-A3DB-4742-9143-EFDB7F04514B}
	EndGlobalSection
EndGlobal
